version = 1
revision = 3
requires-python = "==3.11.*"
resolution-markers = [
    "sys_platform == 'win32'",
    "sys_platform == 'emscripten'",
    "sys_platform != 'emscripten' and sys_platform != 'win32'",
]

[[package]]
name = "charset-normalizer"
version = "3.4.7"
source = { registry = "https://pypi.org/simple" }
sdist = { url = "https://files.pythonhosted.org/packages/e7/a1/67fe25fac3c7642725500a3f6cfe5821ad557c3abb11c9d20d12c7008d3e/charset_normalizer-3.4.7.tar.gz", hash = "sha256:ae89db9e5f98a11a4bf50407d4363e7b09b31e55bc117b4f7d80aab97ba009e5", size = 144271, upload-time = "2026-04-02T09:28:39.342Z" }
wheels = [
    { url = "https://files.pythonhosted.org/packages/c2/d7/b5b7020a0565c2e9fa8c09f4b5fa6232feb326b8c20081ccded47ea368fd/charset_normalizer-3.4.7-cp311-cp311-macosx_10_9_universal2.whl", hash = "sha256:7641bb8895e77f921102f72833904dcd9901df5d6d72a2ab8f31d04b7e51e4e7", size = 309705, upload-time = "2026-04-02T09:26:02.191Z" },
    { url = "https://files.pythonhosted.org/packages/5a/53/58c29116c340e5456724ecd2fff4196d236b98f3da97b404bc5e51ac3493/charset_normalizer-3.4.7-cp311-cp311-manylinux2014_aarch64.manylinux_2_17_aarch64.manylinux_2_28_aarch64.whl", hash = "sha256:202389074300232baeb53ae2569a60901f7efadd4245cf3a3bf0617d60b439d7", size = 206419, upload-time = "2026-04-02T09:26:03.583Z" },
    { url = "https://files.pythonhosted.org/packages/b2/02/e8146dc6591a37a00e5144c63f29fb7c97a734ea8a111190783c0e60ab63/charset_normalizer-3.4.7-cp311-cp311-manylinux2014_ppc64le.manylinux_2_17_ppc64le.manylinux_2_28_ppc64le.whl", hash = "sha256:30b8d1d8c52a48c2c5690e152c169b673487a2a58de1ec7393196753063fcd5e", size = 227901, upload-time = "2026-04-02T09:26:04.738Z" },
    { url = "https://files.pythonhosted.org/packages/fb/73/77486c4cd58f1267bf17db420e930c9afa1b3be3fe8c8b8ebbebc9624359/charset_normalizer-3.4.7-cp311-cp311-manylinux2014_s390x.manylinux_2_17_s390x.manylinux_2_28_s390x.whl", hash = "sha256:532bc9bf33a68613fd7d65e4b1c71a6a38d7d42604ecf239c77392e9b4e8998c", size = 222742, upload-time = "2026-04-02T09:26:06.36Z" },
    { url = "https://files.pythonhosted.org/packages/a1/fa/f74eb381a7d94ded44739e9d94de18dc5edc9c17fb8c11f0a6890696c0a9/charset_normalizer-3.4.7-cp311-cp311-manylinux2014_x86_64.manylinux_2_17_x86_64.manylinux_2_28_x86_64.whl", hash = "sha256:2fe249cb4651fd12605b7288b24751d8bfd46d35f12a20b1ba33dea122e690df", size = 214061, upload-time = "2026-04-02T09:26:08.347Z" },
    { url = "https://files.pythonhosted.org/packages/dc/92/42bd3cefcf7687253fb86694b45f37b733c97f59af3724f356fa92b8c344/charset_normalizer-3.4.7-cp311-cp311-manylinux_2_31_armv7l.whl", hash = "sha256:65bcd23054beab4d166035cabbc868a09c1a49d1efe458fe8e4361215df40265", size = 199239, upload-time = "2026-04-02T09:26:09.823Z" },
    { url = "https://files.pythonhosted.org/packages/4c/3d/069e7184e2aa3b3cddc700e3dd267413dc259854adc3380421c805c6a17d/charset_normalizer-3.4.7-cp311-cp311-manylinux_2_31_riscv64.manylinux_2_39_riscv64.whl", hash = "sha256:08e721811161356f97b4059a9ba7bafb23ea5ee2255402c42881c214e173c6b4", size = 210173, upload-time = "2026-04-02T09:26:10.953Z" },
    { url = "https://files.pythonhosted.org/packages/62/51/9d56feb5f2e7074c46f93e0ebdbe61f0848ee246e2f0d89f8e20b89ebb8f/charset_normalizer-3.4.7-cp311-cp311-musllinux_1_2_aarch64.whl", hash = "sha256:e060d01aec0a910bdccb8be71faf34e7799ce36950f8294c8bf612cba65a2c9e", size = 209841, upload-time = "2026-04-02T09:26:12.142Z" },
    { url = "https://files.pythonhosted.org/packages/d2/59/893d8f99cc4c837dda1fe2f1139079703deb9f321aabcb032355de13b6c7/charset_normalizer-3.4.7-cp311-cp311-musllinux_1_2_armv7l.whl", hash = "sha256:38c0109396c4cfc574d502df99742a45c72c08eff0a36158b6f04000043dbf38", size = 200304, upload-time = "2026-04-02T09:26:13.711Z" },
    { url = "https://files.pythonhosted.org/packages/7d/1d/ee6f3be3464247578d1ed5c46de545ccc3d3ff933695395c402c21fa6b77/charset_normalizer-3.4.7-cp311-cp311-musllinux_1_2_ppc64le.whl", hash = "sha256:1c2a768fdd44ee4a9339a9b0b130049139b8ce3c01d2ce09f67f5a68048d477c", size = 229455, upload-time = "2026-04-02T09:26:14.941Z" },
    { url = "https://files.pythonhosted.org/packages/54/bb/8fb0a946296ea96a488928bdce8ef99023998c48e4713af533e9bb98ef07/charset_normalizer-3.4.7-cp311-cp311-musllinux_1_2_riscv64.whl", hash = "sha256:1a87ca9d5df6fe460483d9a5bbf2b18f620cbed41b432e2bddb686228282d10b", size = 210036, upload-time = "2026-04-02T09:26:16.478Z" },
    { url = "https://files.pythonhosted.org/packages/9a/bc/015b2387f913749f82afd4fcba07846d05b6d784dd16123cb66860e0237d/charset_normalizer-3.4.7-cp311-cp311-musllinux_1_2_s390x.whl", hash = "sha256:d635aab80466bc95771bb78d5370e74d36d1fe31467b6b29b8b57b2a3cd7d22c", size = 224739, upload-time = "2026-04-02T09:26:17.751Z" },
    { url = "https://files.pythonhosted.org/packages/17/ab/63133691f56baae417493cba6b7c641571a2130eb7bceba6773367ab9ec5/charset_normalizer-3.4.7-cp311-cp311-musllinux_1_2_x86_64.whl", hash = "sha256:ae196f021b5e7c78e918242d217db021ed2a6ace2bc6ae94c0fc596221c7f58d", size = 216277, upload-time = "2026-04-02T09:26:18.981Z" },
    { url = "https://files.pythonhosted.org/packages/06/6d/3be70e827977f20db77c12a97e6a9f973631a45b8d186c084527e53e77a4/charset_normalizer-3.4.7-cp311-cp311-win32.whl", hash = "sha256:adb2597b428735679446b46c8badf467b4ca5f5056aae4d51a19f9570301b1ad", size = 147819, upload-time = "2026-04-02T09:26:20.295Z" },
    { url = "https://files.pythonhosted.org/packages/20/d9/5f67790f06b735d7c7637171bbfd89882ad67201891b7275e51116ed8207/charset_normalizer-3.4.7-cp311-cp311-win_amd64.whl", hash = "sha256:8e385e4267ab76874ae30db04c627faaaf0b509e1ccc11a95b3fc3e83f855c00", size = 159281, upload-time = "2026-04-02T09:26:21.74Z" },
    { url = "https://files.pythonhosted.org/packages/ca/83/6413f36c5a34afead88ce6f66684d943d91f233d76dd083798f9602b75ae/charset_normalizer-3.4.7-cp311-cp311-win_arm64.whl", hash = "sha256:d4a48e5b3c2a489fae013b7589308a40146ee081f6f509e047e0e096084ceca1", size = 147843, upload-time = "2026-04-02T09:26:22.901Z" },
    { url = "https://files.pythonhosted.org/packages/db/8f/61959034484a4a7c527811f4721e75d02d653a35afb0b6054474d8185d4c/charset_normalizer-3.4.7-py3-none-any.whl", hash = "sha256:3dce51d0f5e7951f8bb4900c257dad282f49190fdbebecd4ba99bcc41fef404d", size = 61958, upload-time = "2026-04-02T09:28:37.794Z" },
]

[[package]]
name = "cssselect2"
version = "0.9.0"
source = { registry = "https://pypi.org/simple" }
dependencies = [
    { name = "tinycss2" },
    { name = "webencodings" },
]
sdist = { url = "https://files.pythonhosted.org/packages/e0/20/92eaa6b0aec7189fa4b75c890640e076e9e793095721db69c5c81142c2e1/cssselect2-0.9.0.tar.gz", hash = "sha256:759aa22c216326356f65e62e791d66160a0f9c91d1424e8d8adc5e74dddfc6fb", size = 35595, upload-time = "2026-02-12T17:16:39.614Z" }
wheels = [
    { url = "https://files.pythonhosted.org/packages/21/0e/8459ca4413e1a21a06c97d134bfaf18adfd27cea068813dc0faae06cbf00/cssselect2-0.9.0-py3-none-any.whl", hash = "sha256:6a99e5f91f9a016a304dd929b0966ca464bcfda15177b6fb4a118fc0fb5d9563", size = 15453, upload-time = "2026-02-12T17:16:38.317Z" },
]

[[package]]
name = "freetype-py"
version = "2.5.1"
source = { registry = "https://pypi.org/simple" }
sdist = { url = "https://files.pythonhosted.org/packages/d0/9c/61ba17f846b922c2d6d101cc886b0e8fb597c109cedfcb39b8c5d2304b54/freetype-py-2.5.1.zip", hash = "sha256:cfe2686a174d0dd3d71a9d8ee9bf6a2c23f5872385cf8ce9f24af83d076e2fbd", size = 851738, upload-time = "2024-08-29T18:32:26.37Z" }
wheels = [
    { url = "https://files.pythonhosted.org/packages/38/a8/258dd138ebe60c79cd8cfaa6d021599208a33f0175a5e29b01f60c9ab2c7/freetype_py-2.5.1-py3-none-macosx_10_9_universal2.whl", hash = "sha256:d01ded2557694f06aa0413f3400c0c0b2b5ebcaabeef7aaf3d756be44f51e90b", size = 1747885, upload-time = "2024-08-29T18:32:17.604Z" },
    { url = "https://files.pythonhosted.org/packages/a2/93/280ad06dc944e40789b0a641492321a2792db82edda485369cbc59d14366/freetype_py-2.5.1-py3-none-manylinux_2_17_aarch64.manylinux2014_aarch64.whl", hash = "sha256:5d2f6b3d68496797da23204b3b9c4e77e67559c80390fc0dc8b3f454ae1cd819", size = 1051055, upload-time = "2024-08-29T18:32:19.153Z" },
    { url = "https://files.pythonhosted.org/packages/b6/36/853cad240ec63e21a37a512ee19c896b655ce1772d803a3dd80fccfe63fe/freetype_py-2.5.1-py3-none-manylinux_2_5_x86_64.manylinux1_x86_64.manylinux_2_12_x86_64.manylinux2010_x86_64.whl", hash = "sha256:289b443547e03a4f85302e3ac91376838e0d11636050166662a4f75e3087ed0b", size = 1043856, upload-time = "2024-08-29T18:32:20.565Z" },
    { url = "https://files.pythonhosted.org/packages/93/6f/fcc1789e42b8c6617c3112196d68e87bfe7d957d80812d3c24d639782dcb/freetype_py-2.5.1-py3-none-musllinux_1_1_aarch64.whl", hash = "sha256:cd3bfdbb7e1a84818cfbc8025fca3096f4f2afcd5d4641184bf0a3a2e6f97bbf", size = 1108180, upload-time = "2024-08-29T18:32:21.871Z" },
    { url = "https://files.pythonhosted.org/packages/2a/1b/161d3a6244b8a820aef188e4397a750d4a8196316809576d015f26594296/freetype_py-2.5.1-py3-none-musllinux_1_1_x86_64.whl", hash = "sha256:3c1aefc4f0d5b7425f014daccc5fdc7c6f914fb7d6a695cc684f1c09cd8c1660", size = 1106792, upload-time = "2024-08-29T18:32:23.134Z" },
    { url = "https://files.pythonhosted.org/packages/93/6e/bd7fbfacca077bc6f34f1a1109800a2c41ab50f4704d3a0507ba41009915/freetype_py-2.5.1-py3-none-win_amd64.whl", hash = "sha256:0b7f8e0342779f65ca13ef8bc103938366fecade23e6bb37cb671c2b8ad7f124", size = 814608, upload-time = "2024-08-29T18:32:24.648Z" },
]

[[package]]
name = "lxml"
version = "6.1.0"
source = { registry = "https://pypi.org/simple" }
sdist = { url = "https://files.pythonhosted.org/packages/28/30/9abc9e34c657c33834eaf6cd02124c61bdf5944d802aa48e69be8da3585d/lxml-6.1.0.tar.gz", hash = "sha256:bfd57d8008c4965709a919c3e9a98f76c2c7cb319086b3d26858250620023b13", size = 4197006, upload-time = "2026-04-18T04:32:51.613Z" }
wheels = [
    { url = "https://files.pythonhosted.org/packages/5e/5d/3bccad330292946f97962df9d5f2d3ae129cce6e212732a781e856b91e07/lxml-6.1.0-cp311-cp311-macosx_10_9_universal2.whl", hash = "sha256:cec05be8c876f92a5aa07b01d60bbb4d11cfbdd654cad0561c0d7b5c043a61b9", size = 8526232, upload-time = "2026-04-18T04:27:40.389Z" },
    { url = "https://files.pythonhosted.org/packages/a7/51/adc8826570a112f83bb4ddb3a2ab510bbc2ccd62c1b9fe1f34fae2d90b57/lxml-6.1.0-cp311-cp311-macosx_10_9_x86_64.whl", hash = "sha256:9c03e048b6ce8e77b09c734e931584894ecd58d08296804ca2d0b184c933ce50", size = 4595448, upload-time = "2026-04-18T04:27:44.208Z" },
    { url = "https://files.pythonhosted.org/packages/54/84/5a9ec07cbe1d2334a6465f863b949a520d2699a755738986dcd3b6b89e3f/lxml-6.1.0-cp311-cp311-manylinux2014_aarch64.manylinux_2_17_aarch64.whl", hash = "sha256:942454ff253da14218f972b23dc72fa4edf6c943f37edd19cd697618b626fac5", size = 4923771, upload-time = "2026-04-18T04:32:17.402Z" },
    { url = "https://files.pythonhosted.org/packages/a7/23/851cfa33b6b38adb628e45ad51fb27105fa34b2b3ba9d1d4aa7a9428dfe0/lxml-6.1.0-cp311-cp311-manylinux2014_x86_64.manylinux_2_17_x86_64.whl", hash = "sha256:d036ee7b99d5148072ac7c9b847193decdfeac633db350363f7bce4fff108f0e", size = 5068101, upload-time = "2026-04-18T04:32:21.437Z" },
    { url = "https://files.pythonhosted.org/packages/b0/38/41bf99c2023c6b79916ba057d83e9db21d642f473cac210201222882d38b/lxml-6.1.0-cp311-cp311-manylinux_2_26_aarch64.manylinux_2_28_aarch64.whl", hash = "sha256:3ae5d8d5427f3cc317e7950f2da7ad276df0cfa37b8de2f5658959e618ea8512", size = 5002573, upload-time = "2026-04-18T04:32:25.373Z" },
    { url = "https://files.pythonhosted.org/packages/c2/20/053aa10bdc39747e1e923ce2d45413075e84f70a136045bb09e5eaca41d3/lxml-6.1.0-cp311-cp311-manylinux_2_26_x86_64.manylinux_2_28_x86_64.whl", hash = "sha256:363e47283bde87051b821826e71dde47f107e08614e1aa312ba0c5711e77738c", size = 5202816, upload-time = "2026-04-18T04:32:29.393Z" },
    { url = "https://files.pythonhosted.org/packages/9a/da/bc710fad8bf04b93baee752c192eaa2210cd3a84f969d0be7830fea55802/lxml-6.1.0-cp311-cp311-manylinux_2_28_i686.whl", hash = "sha256:f504d861d9f2a8f94020130adac88d66de93841707a23a86244263d1e54682f5", size = 5329999, upload-time = "2026-04-18T04:32:34.019Z" },
    { url = "https://files.pythonhosted.org/packages/b3/cb/bf035dedbdf7fab49411aa52e4236f3445e98d38647d85419e6c0d2806b9/lxml-6.1.0-cp311-cp311-manylinux_2_31_armv7l.whl", hash = "sha256:23a5dc68e08ed13331d61815c08f260f46b4a60fdd1640bbeb82cf89a9d90289", size = 4659643, upload-time = "2026-04-18T04:32:37.932Z" },
    { url = "https://files.pythonhosted.org/packages/5c/4f/22be31f33727a5e4c7b01b0a874503026e50329b259d3587e0b923cf964b/lxml-6.1.0-cp311-cp311-manylinux_2_38_riscv64.manylinux_2_39_riscv64.whl", hash = "sha256:f15401d8d3dbf239e23c818afc10c7207f7b95f9a307e092122b6f86dd43209a", size = 5265963, upload-time = "2026-04-18T04:32:41.881Z" },
    { url = "https://files.pythonhosted.org/packages/c8/2b/d44d0e5c79226017f4ab8c87a802ebe4f89f97e6585a8e4166dffcdd7b6e/lxml-6.1.0-cp311-cp311-musllinux_1_2_aarch64.whl", hash = "sha256:fcf3da95e93349e0647d48d4b36a12783105bcc74cb0c416952f9988410846a3", size = 5045444, upload-time = "2026-04-18T04:32:44.512Z" },
    { url = "https://files.pythonhosted.org/packages/d3/c3/3f034fec1594c331a6dbf9491238fdcc9d66f68cc529e109ec75b97197e1/lxml-6.1.0-cp311-cp311-musllinux_1_2_armv7l.whl", hash = "sha256:0d082495c5fcf426e425a6e28daaba1fcb6d8f854a4ff01effb1f1f381203eb9", size = 4712703, upload-time = "2026-04-18T04:32:47.16Z" },
    { url = "https://files.pythonhosted.org/packages/12/16/0b83fccc158218aca75a7aa33e97441df737950734246b9fffa39301603d/lxml-6.1.0-cp311-cp311-musllinux_1_2_riscv64.whl", hash = "sha256:e3c4f84b24a1fcba435157d111c4b755099c6ff00a3daee1ad281817de75ed11", size = 5252745, upload-time = "2026-04-18T04:32:50.427Z" },
    { url = "https://files.pythonhosted.org/packages/dd/ee/12e6c1b39a77666c02eaa77f94a870aaf63c4ac3a497b2d52319448b01c6/lxml-6.1.0-cp311-cp311-musllinux_1_2_x86_64.whl", hash = "sha256:976a6b39b1b13e8c354ad8d3f261f3a4ac6609518af91bdb5094760a08f132c4", size = 5226822, upload-time = "2026-04-18T04:32:53.437Z" },
    { url = "https://files.pythonhosted.org/packages/34/20/c7852904858b4723af01d2fc14b5d38ff57cb92f01934a127ebd9a9e51aa/lxml-6.1.0-cp311-cp311-win32.whl", hash = "sha256:857efde87d365706590847b916baff69c0bc9252dc5af030e378c9800c0b10e3", size = 3594026, upload-time = "2026-04-18T04:27:31.903Z" },
    { url = "https://files.pythonhosted.org/packages/02/05/d60c732b56da5085175c07c74b2df4e6d181b0c9a61e1691474f06ef4b39/lxml-6.1.0-cp311-cp311-win_amd64.whl", hash = "sha256:183bfb45a493081943be7ea2b5adfc2b611e1cf377cefa8b8a8be404f45ef9a7", size = 4025114, upload-time = "2026-04-18T04:27:34.077Z" },
    { url = "https://files.pythonhosted.org/packages/c2/df/c84dcc175fd690823436d15b41cb920cd5ba5e14cd8bfb00949d5903b320/lxml-6.1.0-cp311-cp311-win_arm64.whl", hash = "sha256:19f4164243fc206d12ed3d866e80e74f5bc3627966520da1a5f97e42c32a3f39", size = 3667742, upload-time = "2026-04-18T04:27:38.45Z" },
    { url = "https://files.pythonhosted.org/packages/f2/88/55143966481409b1740a3ac669e611055f49efd68087a5ce41582325db3e/lxml-6.1.0-pp311-pypy311_pp73-macosx_10_15_x86_64.whl", hash = "sha256:546b66c0dd1bb8d9fa89d7123e5fa19a8aff3a1f2141eb22df96112afb17b842", size = 3930134, upload-time = "2026-04-18T04:32:35.008Z" },
    { url = "https://files.pythonhosted.org/packages/b5/97/28b985c2983938d3cb696dd5501423afb90a8c3e869ef5d3c62569282c0f/lxml-6.1.0-pp311-pypy311_pp73-manylinux2014_aarch64.manylinux_2_17_aarch64.whl", hash = "sha256:5cfa1a34df366d9dc0d5eaf420f4cf2bb1e1bebe1066d1c2fc28c179f8a4004c", size = 4210749, upload-time = "2026-04-18T04:36:03.626Z" },
    { url = "https://files.pythonhosted.org/packages/29/67/dfab2b7d58214921935ccea7ce9b3df9b7d46f305d12f0f532ac7cf6b804/lxml-6.1.0-pp311-pypy311_pp73-manylinux2014_x86_64.manylinux_2_17_x86_64.whl", hash = "sha256:db88156fcf544cdbf0d95588051515cfdfd4c876fc66444eb98bceb5d6db76de", size = 4318463, upload-time = "2026-04-18T04:36:06.309Z" },
    { url = "https://files.pythonhosted.org/packages/32/a2/4ac7eb32a4d997dd352c32c32399aae27b3f268d440e6f9cfa405b575d2f/lxml-6.1.0-pp311-pypy311_pp73-manylinux_2_26_aarch64.manylinux_2_28_aarch64.whl", hash = "sha256:07f98f5496f96bf724b1e3c933c107f0cbf2745db18c03d2e13a291c3afd2635", size = 4251124, upload-time = "2026-04-18T04:36:09.056Z" },
    { url = "https://files.pythonhosted.org/packages/33/ef/d6abd850bb4822f9b720cfe36b547a558e694881010ff7d012191e8769c6/lxml-6.1.0-pp311-pypy311_pp73-manylinux_2_26_x86_64.manylinux_2_28_x86_64.whl", hash = "sha256:4642e04449a1e164b5ff71ffd901ddb772dfabf5c9adf1b7be5dffe1212bc037", size = 4401758, upload-time = "2026-04-18T04:36:11.803Z" },
    { url = "https://files.pythonhosted.org/packages/40/44/3ee09a5b60cb44c4f2fbc1c9015cfd6ff5afc08f991cab295d3024dcbf2d/lxml-6.1.0-pp311-pypy311_pp73-win_amd64.whl", hash = "sha256:7da13bb6fbadfafb474e0226a30570a3445cfd47c86296f2446dafbd77079ace", size = 3508860, upload-time = "2026-04-18T04:32:48.619Z" },
]

[[package]]
name = "pillow"
version = "12.2.0"
source = { registry = "https://pypi.org/simple" }
sdist = { url = "https://files.pythonhosted.org/packages/8c/21/c2bcdd5906101a30244eaffc1b6e6ce71a31bd0742a01eb89e660ebfac2d/pillow-12.2.0.tar.gz", hash = "sha256:a830b1a40919539d07806aa58e1b114df53ddd43213d9c8b75847eee6c0182b5", size = 46987819, upload-time = "2026-04-01T14:46:17.687Z" }
wheels = [
    { url = "https://files.pythonhosted.org/packages/68/e1/748f5663efe6edcfc4e74b2b93edfb9b8b99b67f21a854c3ae416500a2d9/pillow-12.2.0-cp311-cp311-macosx_10_10_x86_64.whl", hash = "sha256:8be29e59487a79f173507c30ddf57e733a357f67881430449bb32614075a40ab", size = 5354347, upload-time = "2026-04-01T14:42:44.255Z" },
    { url = "https://files.pythonhosted.org/packages/47/a1/d5ff69e747374c33a3b53b9f98cca7889fce1fd03d79cdc4e1bccc6c5a87/pillow-12.2.0-cp311-cp311-macosx_11_0_arm64.whl", hash = "sha256:71cde9a1e1551df7d34a25462fc60325e8a11a82cc2e2f54578e5e9a1e153d65", size = 4695873, upload-time = "2026-04-01T14:42:46.452Z" },
    { url = "https://files.pythonhosted.org/packages/df/21/e3fbdf54408a973c7f7f89a23b2cb97a7ef30c61ab4142af31eee6aebc88/pillow-12.2.0-cp311-cp311-manylinux2014_aarch64.manylinux_2_17_aarch64.whl", hash = "sha256:f490f9368b6fc026f021db16d7ec2fbf7d89e2edb42e8ec09d2c60505f5729c7", size = 6280168, upload-time = "2026-04-01T14:42:49.228Z" },
    { url = "https://files.pythonhosted.org/packages/d3/f1/00b7278c7dd52b17ad4329153748f87b6756ec195ff786c2bdf12518337d/pillow-12.2.0-cp311-cp311-manylinux2014_x86_64.manylinux_2_17_x86_64.whl", hash = "sha256:8bd7903a5f2a4545f6fd5935c90058b89d30045568985a71c79f5fd6edf9b91e", size = 8088188, upload-time = "2026-04-01T14:42:51.735Z" },
    { url = "https://files.pythonhosted.org/packages/ad/cf/220a5994ef1b10e70e85748b75649d77d506499352be135a4989c957b701/pillow-12.2.0-cp311-cp311-manylinux_2_27_aarch64.manylinux_2_28_aarch64.whl", hash = "sha256:3997232e10d2920a68d25191392e3a4487d8183039e1c74c2297f00ed1c50705", size = 6394401, upload-time = "2026-04-01T14:42:54.343Z" },
    { url = "https://files.pythonhosted.org/packages/e9/bd/e51a61b1054f09437acfbc2ff9106c30d1eb76bc1453d428399946781253/pillow-12.2.0-cp311-cp311-manylinux_2_27_x86_64.manylinux_2_28_x86_64.whl", hash = "sha256:e74473c875d78b8e9d5da2a70f7099549f9eb37ded4e2f6a463e60125bccd176", size = 7079655, upload-time = "2026-04-01T14:42:56.954Z" },
    { url = "https://files.pythonhosted.org/packages/6b/3d/45132c57d5fb4b5744567c3817026480ac7fc3ce5d4c47902bc0e7f6f853/pillow-12.2.0-cp311-cp311-musllinux_1_2_aarch64.whl", hash = "sha256:56a3f9c60a13133a98ecff6197af34d7824de9b7b38c3654861a725c970c197b", size = 6503105, upload-time = "2026-04-01T14:42:59.847Z" },
    { url = "https://files.pythonhosted.org/packages/7d/2e/9df2fc1e82097b1df3dce58dc43286aa01068e918c07574711fcc53e6fb4/pillow-12.2.0-cp311-cp311-musllinux_1_2_x86_64.whl", hash = "sha256:90e6f81de50ad6b534cab6e5aef77ff6e37722b2f5d908686f4a5c9eba17a909", size = 7203402, upload-time = "2026-04-01T14:43:02.664Z" },
    { url = "https://files.pythonhosted.org/packages/bd/2e/2941e42858ebb67e50ae741473de81c2984e6eff7b397017623c676e2e8d/pillow-12.2.0-cp311-cp311-win32.whl", hash = "sha256:8c984051042858021a54926eb597d6ee3012393ce9c181814115df4c60b9a808", size = 6378149, upload-time = "2026-04-01T14:43:05.274Z" },
    { url = "https://files.pythonhosted.org/packages/69/42/836b6f3cd7f3e5fa10a1f1a5420447c17966044c8fbf589cc0452d5502db/pillow-12.2.0-cp311-cp311-win_amd64.whl", hash = "sha256:6e6b2a0c538fc200b38ff9eb6628228b77908c319a005815f2dde585a0664b60", size = 7082626, upload-time = "2026-04-01T14:43:08.557Z" },
    { url = "https://files.pythonhosted.org/packages/c2/88/549194b5d6f1f494b485e493edc6693c0a16f4ada488e5bd974ed1f42fad/pillow-12.2.0-cp311-cp311-win_arm64.whl", hash = "sha256:9a8a34cc89c67a65ea7437ce257cea81a9dad65b29805f3ecee8c8fe8ff25ffe", size = 2463531, upload-time = "2026-04-01T14:43:10.743Z" },
    { url = "https://files.pythonhosted.org/packages/4e/b7/2437044fb910f499610356d1352e3423753c98e34f915252aafecc64889f/pillow-12.2.0-pp311-pypy311_pp73-macosx_10_15_x86_64.whl", hash = "sha256:0538bd5e05efec03ae613fd89c4ce0368ecd2ba239cc25b9f9be7ed426b0af1f", size = 5273969, upload-time = "2026-04-01T14:45:55.538Z" },
    { url = "https://files.pythonhosted.org/packages/f6/f4/8316e31de11b780f4ac08ef3654a75555e624a98db1056ecb2122d008d5a/pillow-12.2.0-pp311-pypy311_pp73-macosx_11_0_arm64.whl", hash = "sha256:394167b21da716608eac917c60aa9b969421b5dcbbe02ae7f013e7b85811c69d", size = 4659674, upload-time = "2026-04-01T14:45:58.093Z" },
    { url = "https://files.pythonhosted.org/packages/d4/37/664fca7201f8bb2aa1d20e2c3d5564a62e6ae5111741966c8319ca802361/pillow-12.2.0-pp311-pypy311_pp73-manylinux2014_aarch64.manylinux_2_17_aarch64.whl", hash = "sha256:5d04bfa02cc2d23b497d1e90a0f927070043f6cbf303e738300532379a4b4e0f", size = 5288479, upload-time = "2026-04-01T14:46:01.141Z" },
    { url = "https://files.pythonhosted.org/packages/49/62/5b0ed78fce87346be7a5cfcfaaad91f6a1f98c26f86bdbafa2066c647ef6/pillow-12.2.0-pp311-pypy311_pp73-manylinux2014_x86_64.manylinux_2_17_x86_64.whl", hash = "sha256:0c838a5125cee37e68edec915651521191cef1e6aa336b855f495766e77a366e", size = 7032230, upload-time = "2026-04-01T14:46:03.874Z" },
    { url = "https://files.pythonhosted.org/packages/c3/28/ec0fc38107fc32536908034e990c47914c57cd7c5a3ece4d8d8f7ffd7e27/pillow-12.2.0-pp311-pypy311_pp73-manylinux_2_27_aarch64.manylinux_2_28_aarch64.whl", hash = "sha256:4a6c9fa44005fa37a91ebfc95d081e8079757d2e904b27103f4f5fa6f0bf78c0", size = 5355404, upload-time = "2026-04-01T14:46:06.33Z" },
    { url = "https://files.pythonhosted.org/packages/5e/8b/51b0eddcfa2180d60e41f06bd6d0a62202b20b59c68f5a132e615b75aecf/pillow-12.2.0-pp311-pypy311_pp73-manylinux_2_27_x86_64.manylinux_2_28_x86_64.whl", hash = "sha256:25373b66e0dd5905ed63fa3cae13c82fbddf3079f2c8bf15c6fb6a35586324c1", size = 6002215, upload-time = "2026-04-01T14:46:08.83Z" },
    { url = "https://files.pythonhosted.org/packages/bc/60/5382c03e1970de634027cee8e1b7d39776b778b81812aaf45b694dfe9e28/pillow-12.2.0-pp311-pypy311_pp73-win_amd64.whl", hash = "sha256:bfa9c230d2fe991bed5318a5f119bd6780cda2915cca595393649fc118ab895e", size = 7080946, upload-time = "2026-04-01T14:46:11.734Z" },
]

[[package]]
name = "pycairo"
version = "1.29.0"
source = { registry = "https://pypi.org/simple" }
sdist = { url = "https://files.pythonhosted.org/packages/22/d9/1728840a22a4ef8a8f479b9156aa2943cd98c3907accd3849fb0d5f82bfd/pycairo-1.29.0.tar.gz", hash = "sha256:f3f7fde97325cae80224c09f12564ef58d0d0f655da0e3b040f5807bd5bd3142", size = 665871, upload-time = "2025-11-11T19:13:01.584Z" }
wheels = [
    { url = "https://files.pythonhosted.org/packages/31/92/1b904087e831806a449502786d47d3a468e5edb8f65755f6bd88e8038e53/pycairo-1.29.0-cp311-cp311-win32.whl", hash = "sha256:12757ebfb304b645861283c20585c9204c3430671fad925419cba04844d6dfed", size = 751342, upload-time = "2025-11-11T19:11:37.386Z" },
    { url = "https://files.pythonhosted.org/packages/db/09/a0ab6a246a7ede89e817d749a941df34f27a74bedf15551da51e86ae105e/pycairo-1.29.0-cp311-cp311-win_amd64.whl", hash = "sha256:3391532db03f9601c1cee9ebfa15b7d1db183c6020f3e75c1348cee16825934f", size = 845036, upload-time = "2025-11-11T19:11:43.408Z" },
    { url = "https://files.pythonhosted.org/packages/3c/b2/bf455454bac50baef553e7356d36b9d16e482403bf132cfb12960d2dc2e7/pycairo-1.29.0-cp311-cp311-win_arm64.whl", hash = "sha256:b69be8bb65c46b680771dc6a1a422b1cdd0cffb17be548f223e8cbbb6205567c", size = 694644, upload-time = "2025-11-11T19:11:48.599Z" },
]

[[package]]
name = "reportlab"
version = "4.4.10"
source = { registry = "https://pypi.org/simple" }
dependencies = [
    { name = "charset-normalizer" },
    { name = "pillow" },
]
sdist = { url = "https://files.pythonhosted.org/packages/48/57/28bfbf0a775b618b6e4d854ef8dd3f5c8988e5d614d8898703502a35f61c/reportlab-4.4.10.tar.gz", hash = "sha256:5cbbb34ac3546039d0086deb2938cdec06b12da3cdb836e813258eb33cd28487", size = 3714962, upload-time = "2026-02-12T10:45:21.325Z" }
wheels = [
    { url = "https://files.pythonhosted.org/packages/8a/2e/e1798b8b248e1517e74c6cdf10dd6edd485044e7edf46b5f11ffcc5a0add/reportlab-4.4.10-py3-none-any.whl", hash = "sha256:5abc815746ae2bc44e7ff25db96814f921349ca814c992c7eac3c26029bf7c24", size = 1955400, upload-time = "2026-02-12T10:45:18.828Z" },
]

[[package]]
name = "rlpycairo"
version = "0.4.0"
source = { registry = "https://pypi.org/simple" }
dependencies = [
    { name = "freetype-py" },
    { name = "pycairo" },
]
sdist = { url = "https://files.pythonhosted.org/packages/4b/24/09b18821e06de45394d34dda706d34169db6bddd6a403346caa3496b3668/rlpycairo-0.4.0.tar.gz", hash = "sha256:07c2c3c47828e83d9c09657a54ecbcd1a97aac9dc199780234456d3473faadc7", size = 7692, upload-time = "2025-08-15T12:25:22.761Z" }
wheels = [
    { url = "https://files.pythonhosted.org/packages/6a/00/d26b61e82163a59334e9f2ae31ba95ac01922da3792f090e11762d4422e8/rlpycairo-0.4.0-py3-none-any.whl", hash = "sha256:3ce83825d5761c03bc3571c7db12a336ad51417e63189e3512d11b8922576aa9", size = 7558, upload-time = "2025-08-15T12:24:52.544Z" },
]

[[package]]
name = "svglib"
version = "1.6.0"
source = { registry = "https://pypi.org/simple" }
dependencies = [
    { name = "cssselect2" },
    { name = "lxml" },
    { name = "reportlab" },
    { name = "rlpycairo" },
    { name = "tinycss2" },
]
sdist = { url = "https://files.pythonhosted.org/packages/88/16/6b5f9f8c8b18d9ab5112d11e2d6c40c965e3d7ab2948b744685fe6d2f9f5/svglib-1.6.0.tar.gz", hash = "sha256:4c38a274a744ef0d1677f55d5d62fc0fb798819f813e52872a796e615741733d", size = 1318276, upload-time = "2025-09-25T09:48:37.839Z" }
wheels = [
    { url = "https://files.pythonhosted.org/packages/6d/93/01273a1b8d8454d45f2e18b3d6098c7be13a0864a55fbd0ebda7815c201a/svglib-1.6.0-py3-none-any.whl", hash = "sha256:9aea8e2e81cbbf9c844460e4c7dc90e0a06aea7983bc201975ccd279d7b2d194", size = 39163, upload-time = "2025-09-25T09:48:35.927Z" },
]

[[package]]
name = "swimming-pool-diagram-generator"
version = "0.1.0"
source = { editable = "." }
dependencies = [
    { name = "pillow" },
    { name = "reportlab" },
    { name = "svglib" },
]

[package.metadata]
requires-dist = [
    { name = "pillow", specifier = ">=10.4.0" },
    { name = "reportlab", specifier = ">=4.0.0" },
    { name = "svglib", specifier = ">=0.19.0" },
]

[[package]]
name = "tinycss2"
version = "1.5.1"
source = { registry = "https://pypi.org/simple" }
dependencies = [
    { name = "webencodings" },
]
sdist = { url = "https://files.pythonhosted.org/packages/a3/ae/2ca4913e5c0f09781d75482874c3a95db9105462a92ddd303c7d285d3df2/tinycss2-1.5.1.tar.gz", hash = "sha256:d339d2b616ba90ccce58da8495a78f46e55d4d25f9fd71dfd526f07e7d53f957", size = 88195, upload-time = "2025-11-23T10:29:10.082Z" }
wheels = [
    { url = "https://files.pythonhosted.org/packages/60/45/c7b5c3168458db837e8ceab06dc77824e18202679d0463f0e8f002143a97/tinycss2-1.5.1-py3-none-any.whl", hash = "sha256:3415ba0f5839c062696996998176c4a3751d18b7edaaeeb658c9ce21ec150661", size = 28404, upload-time = "2025-11-23T10:29:08.676Z" },
]

[[package]]
name = "webencodings"
version = "0.5.1"
source = { registry = "https://pypi.org/simple" }
sdist = { url = "https://files.pythonhosted.org/packages/0b/02/ae6ceac1baeda530866a85075641cec12989bd8d31af6d5ab4a3e8c92f47/webencodings-0.5.1.tar.gz", hash = "sha256:b36a1c245f2d304965eb4e0a82848379241dc04b865afcc4aab16748587e1923", size = 9721, upload-time = "2017-04-05T20:21:34.189Z" }
wheels = [
    { url = "https://files.pythonhosted.org/packages/f4/24/2a3e3df732393fed8b3ebf2ec078f05546de641fe1b667ee316ec1dcf3b7/webencodings-0.5.1-py2.py3-none-any.whl", hash = "sha256:a0af1213f3c2226497a97e2b3aa01a7e4bee4f403f95be16fc9acd2947514a78", size = 11774, upload-time = "2017-04-05T20:21:32.581Z" },
]
